
Microsoft Visual Studio Solution File, Format Version 12.00
Project("{FAE04EC0-301F-11D3-BF4B-00C04F79EFBC}") = "ORM.Dapper.Core", "ORM.Dapper.Core\ORM.Dapper.Core.csproj", "{CB8979D1-6400-4649-9C61-231C5724A904}"
EndProject
Project("{FAE04EC0-301F-11D3-BF4B-00C04F79EFBC}") = "ORM.Dapper.Repository", "ORM.Dapper.Repository\ORM.Dapper.Repository.csproj", "{2C3D1903-E54B-42E8-8334-530749FB9E01}"
EndProject
Global
	GlobalSection(SolutionConfigurationPlatforms) = preSolution
		Debug|Any CPU = Debug|Any CPU
		Release|Any CPU = Release|Any CPU
	EndGlobalSection
	GlobalSection(ProjectConfigurationPlatforms) = postSolution
		{CB8979D1-6400-4649-9C61-231C5724A904}.Debug|Any CPU.ActiveCfg = Debug|Any CPU
		{CB8979D1-6400-4649-9C61-231C5724A904}.Debug|Any CPU.Build.0 = Debug|Any CPU
		{CB8979D1-6400-4649-9C61-231C5724A904}.Release|Any CPU.ActiveCfg = Release|Any CPU
		{CB8979D1-6400-4649-9C61-231C5724A904}.Release|Any CPU.Build.0 = Release|Any CPU
		{2C3D1903-E54B-42E8-8334-530749FB9E01}.Debug|Any CPU.ActiveCfg = Debug|Any CPU
		{2C3D1903-E54B-42E8-8334-530749FB9E01}.Debug|Any CPU.Build.0 = Debug|Any CPU
		{2C3D1903-E54B-42E8-8334-530749FB9E01}.Release|Any CPU.ActiveCfg = Release|Any CPU
		{2C3D1903-E54B-42E8-8334-530749FB9E01}.Release|Any CPU.Build.0 = Release|Any CPU
	EndGlobalSection
EndGlobal
